
Microsoft Visual Studio Solution File, Format Version 12.00
# Visual Studio Version 18
VisualStudioVersion = 18.4.11620.152 stable
MinimumVisualStudioVersion = 10.0.40219.1
Project("{FAE04EC0-301F-11D3-BF4B-00C04F79EFBC}") = "DesktopShortcutMgr", "DesktopShortcutMgr.csproj", "{70E6D05E-9466-4F7A-8942-AC8EFDBB4391}"
EndProject
Global
	GlobalSection(SolutionConfigurationPlatforms) = preSolution
		Debug|Any CPU = Debug|Any CPU
		Release|Any CPU = Release|Any CPU
	EndGlobalSection
	GlobalSection(ProjectConfigurationPlatforms) = postSolution
		{70E6D05E-9466-4F7A-8942-AC8EFDBB4391}.Debug|Any CPU.ActiveCfg = Debug|Any CPU
		{70E6D05E-9466-4F7A-8942-AC8EFDBB4391}.Debug|Any CPU.Build.0 = Debug|Any CPU
		{70E6D05E-9466-4F7A-8942-AC8EFDBB4391}.Release|Any CPU.ActiveCfg = Release|Any CPU
		{70E6D05E-9466-4F7A-8942-AC8EFDBB4391}.Release|Any CPU.Build.0 = Release|Any CPU
	EndGlobalSection
	GlobalSection(SolutionProperties) = preSolution
		HideSolutionNode = FALSE
	EndGlobalSection
	GlobalSection(ExtensibilityGlobals) = postSolution
		SolutionGuid = {B1973B15-6F6C-4B4E-B614-2B0303A4AB0B}
	EndGlobalSection
EndGlobal
